
Microsoft Visual Studio Solution File, Format Version 12.00
# Visual Studio Version 16
VisualStudioVersion = 16.0.29911.84
MinimumVisualStudioVersion = 10.0.40219.1
Project("{FAE04EC0-301F-11D3-BF4B-00C04F79EFBC}") = "SOLID Principles", "SOLID Principles.csproj", "{C1558787-D9EE-4A8C-A312-2DAD5A6582BF}"
EndProject
Global
	GlobalSection(SolutionConfigurationPlatforms) = preSolution
		Debug|Any CPU = Debug|Any CPU
		Release|Any CPU = Release|Any CPU
	EndGlobalSection
	GlobalSection(ProjectConfigurationPlatforms) = postSolution
		{C1558787-D9EE-4A8C-A312-2DAD5A6582BF}.Debug|Any CPU.ActiveCfg = Debug|Any CPU
		{C1558787-D9EE-4A8C-A312-2DAD5A6582BF}.Debug|Any CPU.Build.0 = Debug|Any CPU
		{C1558787-D9EE-4A8C-A312-2DAD5A6582BF}.Release|Any CPU.ActiveCfg = Release|Any CPU
		{C1558787-D9EE-4A8C-A312-2DAD5A6582BF}.Release|Any CPU.Build.0 = Release|Any CPU
	EndGlobalSection
	GlobalSection(SolutionProperties) = preSolution
		HideSolutionNode = FALSE
	EndGlobalSection
	GlobalSection(ExtensibilityGlobals) = postSolution
		SolutionGuid = {466737D1-C9E7-4B06-9675-3791C9D99BCD}
	EndGlobalSection
EndGlobal
